
Microsoft Visual Studio Solution File, Format Version 12.00
# Visual Studio Version 17
VisualStudioVersion = 17.14.36301.6 d17.14
MinimumVisualStudioVersion = 10.0.40219.1
Project("{FAE04EC0-301F-11D3-BF4B-00C04F79EFBC}") = "PaginationApi", "PaginationApi\PaginationApi.csproj", "{779BBC41-7BEF-405D-BE0F-94E6C46E1AE3}"
EndProject
Global
	GlobalSection(SolutionConfigurationPlatforms) = preSolution
		Debug|Any CPU = Debug|Any CPU
		Release|Any CPU = Release|Any CPU
	EndGlobalSection
	GlobalSection(ProjectConfigurationPlatforms) = postSolution
		{779BBC41-7BEF-405D-BE0F-94E6C46E1AE3}.Debug|Any CPU.ActiveCfg = Debug|Any CPU
		{779BBC41-7BEF-405D-BE0F-94E6C46E1AE3}.Debug|Any CPU.Build.0 = Debug|Any CPU
		{779BBC41-7BEF-405D-BE0F-94E6C46E1AE3}.Release|Any CPU.ActiveCfg = Release|Any CPU
		{779BBC41-7BEF-405D-BE0F-94E6C46E1AE3}.Release|Any CPU.Build.0 = Release|Any CPU
	EndGlobalSection
	GlobalSection(SolutionProperties) = preSolution
		HideSolutionNode = FALSE
	EndGlobalSection
	GlobalSection(ExtensibilityGlobals) = postSolution
		SolutionGuid = {DB5C64AF-1D6D-4242-9B1C-322CECFCBA79}
	EndGlobalSection
EndGlobal
